// !$*UTF8*$!
{
	archiveVersion = 1;
	classes = {
	};
	objectVersion = 50;
	objects = {

/* Begin PBXBuildFile section */
		02FFB579248F173B0027BCEA /* AppDelegate.swift in Sources */ = {isa = PBXBuildFile; fileRef = 02FFB578248F173B0027BCEA /* AppDelegate.swift */; };
		02FFB57B248F173B0027BCEA /* SceneDelegate.swift in Sources */ = {isa = PBXBuildFile; fileRef = 02FFB57A248F173B0027BCEA /* SceneDelegate.swift */; };
		02FFB57D248F173B0027BCEA /* ViewController.swift in Sources */ = {isa = PBXBuildFile; fileRef = 02FFB57C248F173B0027BCEA /* ViewController.swift */; };
		02FFB580248F173B0027BCEA /* Main.storyboard in Resources */ = {isa = PBXBuildFile; fileRef = 02FFB57E248F173B0027BCEA /* Main.storyboard */; };
		02FFB582248F173C0027BCEA /* Assets.xcassets in Resources */ = {isa = PBXBuildFile; fileRef = 02FFB581248F173C0027BCEA /* Assets.xcassets */; };
		02FFB585248F173C0027BCEA /* LaunchScreen.storyboard in Resources */ = {isa = PBXBuildFile; fileRef = 02FFB583248F173C0027BCEA /* LaunchScreen.storyboard */; };
		02FFB58D248F47F20027BCEA /* PlayViewController.swift in Sources */ = {isa = PBXBuildFile; fileRef = 02FFB58C248F47F20027BCEA /* PlayViewController.swift */; };
		02FFB58F248F482B0027BCEA /* ResultViewController.swift in Sources */ = {isa = PBXBuildFile; fileRef = 02FFB58E248F482B0027BCEA /* ResultViewController.swift */; };
/* End PBXBuildFile section */

/* Begin PBXFileReference section */
		02FFB575248F173B0027BCEA /* GestureFlash.app */ = {isa = PBXFileReference; explicitFileType = wrapper.application; includeInIndex = 0; path = GestureFlash.app; sourceTree = BUILT_PRODUCTS_DIR; };
		02FFB578248F173B0027BCEA /* AppDelegate.swift */ = {isa = PBXFileReference; lastKnownFileType = sourcecode.swift; path = AppDelegate.swift; sourceTree = "<group>"; };
		02FFB57A248F173B0027BCEA /* SceneDelegate.swift */ = {isa = PBXFileReference; lastKnownFileType = sourcecode.swift; path = SceneDelegate.swift; sourceTree = "<group>"; };
		02FFB57C248F173B0027BCEA /* ViewController.swift */ = {isa = PBXFileReference; lastKnownFileType = sourcecode.swift; path = ViewController.swift; sourceTree = "<group>"; };
		02FFB57F248F173B0027BCEA /* Base */ = {isa = PBXFileReference; lastKnownFileType = file.storyboard; name = Base; path = Base.lproj/Main.storyboard; sourceTree = "<group>"; };
		02FFB581248F173C0027BCEA /* Assets.xcassets */ = {isa = PBXFileReference; lastKnownFileType = folder.assetcatalog; path = Assets.xcassets; sourceTree = "<group>"; };
		02FFB584248F173C0027BCEA /* Base */ = {isa = PBXFileReference; lastKnownFileType = file.storyboard; name = Base; path = Base.lproj/LaunchScreen.storyboard; sourceTree = "<group>"; };
		02FFB586248F173C0027BCEA /* Info.plist */ = {isa = PBXFileReference; lastKnownFileType = text.plist.xml; path = Info.plist; sourceTree = "<group>"; };
		02FFB58C248F47F20027BCEA /* PlayViewController.swift */ = {isa = PBXFileReference; lastKnownFileType = sourcecode.swift; path = PlayViewController.swift; sourceTree = "<group>"; };
		02FFB58E248F482B0027BCEA /* ResultViewController.swift */ = {isa = PBXFileReference; lastKnownFileType = sourcecode.swift; path = ResultViewController.swift; sourceTree = "<group>"; };
/* End PBXFileReference section */

/* Begin PBXFrameworksBuildPhase section */
		02FFB572248F173B0027BCEA /* Frameworks */ = {
			isa = PBXFrameworksBuildPhase;
			buildActionMask = 2147483647;
			files = (
			);
			runOnlyForDeploymentPostprocessing = 0;
		};
/* End PBXFrameworksBuildPhase section */

/* Begin PBXGroup section */
		02FFB56C248F173B0027BCEA = {
			isa = PBXGroup;
			children = (
				02FFB577248F173B0027BCEA /* GestureFlash */,
				02FFB576248F173B0027BCEA /* Products */,
			);
			sourceTree = "<group>";
		};
		02FFB576248F173B0027BCEA /* Products */ = {
			isa = PBXGroup;
			children = (
				02FFB575248F173B0027BCEA /* GestureFlash.app */,
			);
			name = Products;
			sourceTree = "<group>";
		};
		02FFB577248F173B0027BCEA /* GestureFlash */ = {
			isa = PBXGroup;
			children = (
				02FFB578248F173B0027BCEA /* AppDelegate.swift */,
				02FFB57A248F173B0027BCEA /* SceneDelegate.swift */,
				02FFB57C248F173B0027BCEA /* ViewController.swift */,
				02FFB57E248F173B0027BCEA /* Main.storyboard */,
				02FFB58C248F47F20027BCEA /* PlayViewController.swift */,
				02FFB58E248F482B0027BCEA /* ResultViewController.swift */,
				02FFB581248F173C0027BCEA /* Assets.xcassets */,
				02FFB583248F173C0027BCEA /* LaunchScreen.storyboard */,
				02FFB586248F173C0027BCEA /* Info.plist */,
			);
			path = GestureFlash;
			sourceTree = "<group>";
		};
/* End PBXGroup section */

/* Begin PBXNativeTarget section */
		02FFB574248F173B0027BCEA /* GestureFlash */ = {
			isa = PBXNativeTarget;
			buildConfigurationList = 02FFB589248F173C0027BCEA /* Build configuration list for PBXNativeTarget "GestureFlash" */;
			buildPhases = (
				02FFB571248F173B0027BCEA /* Sources */,
				02FFB572248F173B0027BCEA /* Frameworks */,
				02FFB573248F173B0027BCEA /* Resources */,
			);
			buildRules = (
			);
			dependencies = (
			);
			name = GestureFlash;
			productName = GestureFlash;
			productReference = 02FFB575248F173B0027BCEA /* GestureFlash.app */;
			productType = "com.apple.product-type.application";
		};
/* End PBXNativeTarget section */

/* Begin PBXProject section */
		02FFB56D248F173B0027BCEA /* Project object */ = {
			isa = PBXProject;
			attributes = {
				LastSwiftUpdateCheck = 1150;
				LastUpgradeCheck = 1150;
				ORGANIZATIONNAME = ALJ;
				TargetAttributes = {
					02FFB574248F173B0027BCEA = {
						CreatedOnToolsVersion = 11.5;
					};
				};
			};
			buildConfigurationList = 02FFB570248F173B0027BCEA /* Build configuration list for PBXProject "GestureFlash" */;
			compatibilityVersion = "Xcode 9.3";
			developmentRegion = en;
			hasScannedForEncodings = 0;
			knownRegions = (
				en,
				Base,
			);
			mainGroup = 02FFB56C248F173B0027BCEA;
			productRefGroup = 02FFB576248F173B0027BCEA /* Products */;
			projectDirPath = "";
			projectRoot = "";
			targets = (
				02FFB574248F173B0027BCEA /* GestureFlash */,
			);
		};
/* End PBXProject section */

/* Begin PBXResourcesBuildPhase section */
		02FFB573248F173B0027BCEA /* Resources */ = {
			isa = PBXResourcesBuildPhase;
			buildActionMask = 2147483647;
			files = (
				02FFB585248F173C0027BCEA /* LaunchScreen.storyboard in Resources */,
				02FFB582248F173C0027BCEA /* Assets.xcassets in Resources */,
				02FFB580248F173B0027BCEA /* Main.storyboard in Resources */,
			);
			runOnlyForDeploymentPostprocessing = 0;
		};
/* End PBXResourcesBuildPhase section */

/* Begin PBXSourcesBuildPhase section */
		02FFB571248F173B0027BCEA /* Sources */ = {
			isa = PBXSourcesBuildPhase;
			buildActionMask = 2147483647;
			files = (
				02FFB58F248F482B0027BCEA /* ResultViewController.swift in Sources */,
				02FFB58D248F47F20027BCEA /* PlayViewController.swift in Sources */,
				02FFB57D248F173B0027BCEA /* ViewController.swift in Sources */,
				02FFB579248F173B0027BCEA /* AppDelegate.swift in Sources */,
				02FFB57B248F173B0027BCEA /* SceneDelegate.swift in Sources */,
			);
			runOnlyForDeploymentPostprocessing = 0;
		};
/* End PBXSourcesBuildPhase section */

/* Begin PBXVariantGroup section */
		02FFB57E248F173B0027BCEA /* Main.storyboard */ = {
			isa = PBXVariantGroup;
			children = (
				02FFB57F248F173B0027BCEA /* Base */,
			);
			name = Main.storyboard;
			sourceTree = "<group>";
		};
		02FFB583248F173C0027BCEA /* LaunchScreen.storyboard */ = {
			isa = PBXVariantGroup;
			children = (
				02FFB584248F173C0027BCEA /* Base */,
			);
			name = LaunchScreen.storyboard;
			sourceTree = "<group>";
		};
/* End PBXVariantGroup section */

/* Begin XCBuildConfiguration section */
		02FFB587248F173C0027BCEA /* Debug */ = {
			isa = XCBuildConfiguration;
			buildSettings = {
				ALWAYS_SEARCH_USER_PATHS = NO;
				CLANG_ANALYZER_NONNULL = YES;
				CLANG_ANALYZER_NUMBER_OBJECT_CONVERSION = YES_AGGRESSIVE;
				CLANG_CXX_LANGUAGE_STANDARD = "gnu++14";
				CLANG_CXX_LIBRARY = "libc++";
				CLANG_ENABLE_MODULES = YES;
				CLANG_ENABLE_OBJC_ARC = YES;
				CLANG_ENABLE_OBJC_WEAK = YES;
				CLANG_WARN_BLOCK_CAPTURE_AUTORELEASING = YES;
				CLANG_WARN_BOOL_CONVERSION = YES;
				CLANG_WARN_COMMA = YES;
				CLANG_WARN_CONSTANT_CONVERSION = YES;
				CLANG_WARN_DEPRECATED_OBJC_IMPLEMENTATIONS = YES;
				CLANG_WARN_DIRECT_OBJC_ISA_USAGE = YES_ERROR;
				CLANG_WARN_DOCUMENTATION_COMMENTS = YES;
				CLANG_WARN_EMPTY_BODY = YES;
				CLANG_WARN_ENUM_CONVERSION = YES;
				CLANG_WARN_INFINITE_RECURSION = YES;
				CLANG_WARN_INT_CONVERSION = YES;
				CLANG_WARN_NON_LITERAL_NULL_CONVERSION = YES;
				CLANG_WARN_OBJC_IMPLICIT_RETAIN_SELF = YES;
				CLANG_WARN_OBJC_LITERAL_CONVERSION = YES;
				CLANG_WARN_OBJC_ROOT_CLASS = YES_ERROR;
				CLANG_WARN_RANGE_LOOP_ANALYSIS = YES;
				CLANG_WARN_STRICT_PROTOTYPES = YES;
				CLANG_WARN_SUSPICIOUS_MOVE = YES;
				CLANG_WARN_UNGUARDED_AVAILABILITY = YES_AGGRESSIVE;
				CLANG_WARN_UNREACHABLE_CODE = YES;
				CLANG_WARN__DUPLICATE_METHOD_MATCH = YES;
				COPY_PHASE_STRIP = NO;
				DEBUG_INFORMATION_FORMAT = dwarf;
				ENABLE_STRICT_OBJC_MSGSEND = YES;
				ENABLE_TESTABILITY = YES;
				GCC_C_LANGUAGE_STANDARD = gnu11;
				GCC_DYNAMIC_NO_PIC = NO;
				GCC_NO_COMMON_BLOCKS = YES;
				GCC_OPTIMIZATION_LEVEL = 0;
				GCC_PREPROCESSOR_DEFINITIONS = (
					"DEBUG=1",
					"$(inherited)",
				);
				GCC_WARN_64_TO_32_BIT_CONVERSION = YES;
				GCC_WARN_ABOUT_RETURN_TYPE = YES_ERROR;
				GCC_WARN_UNDECLARED_SELECTOR = YES;
				GCC_WARN_UNINITIALIZED_AUTOS = YES_AGGRESSIVE;
				GCC_WARN_UNUSED_FUNCTION = YES;
				GCC_WARN_UNUSED_VARIABLE = YES;
				IPHONEOS_DEPLOYMENT_TARGET = 13.5;
				MTL_ENABLE_DEBUG_INFO = INCLUDE_SOURCE;
				MTL_FAST_MATH = YES;
				ONLY_ACTIVE_ARCH = YES;
				SDKROOT = iphoneos;
				SWIFT_ACTIVE_COMPILATION_CONDITIONS = DEBUG;
				SWIFT_OPTIMIZATION_LEVEL = "-Onone";
			};
			name = Debug;
		};
		02FFB588248F173C0027BCEA /* Release */ = {
			isa = XCBuildConfiguration;
			buildSettings = {
				ALWAYS_SEARCH_USER_PATHS = NO;
				CLANG_ANALYZER_NONNULL = YES;
				CLANG_ANALYZER_NUMBER_OBJECT_CONVERSION = YES_AGGRESSIVE;
				CLANG_CXX_LANGUAGE_STANDARD = "gnu++14";
				CLANG_CXX_LIBRARY = "libc++";
				CLANG_ENABLE_MODULES = YES;
				CLANG_ENABLE_OBJC_ARC = YES;
				CLANG_ENABLE_OBJC_WEAK = YES;
				CLANG_WARN_BLOCK_CAPTURE_AUTORELEASING = YES;
				CLANG_WARN_BOOL_CONVERSION = YES;
				CLANG_WARN_COMMA = YES;
				CLANG_WARN_CONSTANT_CONVERSION = YES;
				CLANG_WARN_DEPRECATED_OBJC_IMPLEMENTATIONS = YES;
				CLANG_WARN_DIRECT_OBJC_ISA_USAGE = YES_ERROR;
				CLANG_WARN_DOCUMENTATION_COMMENTS = YES;
				CLANG_WARN_EMPTY_BODY = YES;
				CLANG_WARN_ENUM_CONVERSION = YES;
				CLANG_WARN_INFINITE_RECURSION = YES;
				CLANG_WARN_INT_CONVERSION = YES;
				CLANG_WARN_NON_LITERAL_NULL_CONVERSION = YES;
				CLANG_WARN_OBJC_IMPLICIT_RETAIN_SELF = YES;
				CLANG_WARN_OBJC_LITERAL_CONVERSION = YES;
				CLANG_WARN_OBJC_ROOT_CLASS = YES_ERROR;
				CLANG_WARN_RANGE_LOOP_ANALYSIS = YES;
				CLANG_WARN_STRICT_PROTOTYPES = YES;
				CLANG_WARN_SUSPICIOUS_MOVE = YES;
				CLANG_WARN_UNGUARDED_AVAILABILITY = YES_AGGRESSIVE;
				CLANG_WARN_UNREACHABLE_CODE = YES;
				CLANG_WARN__DUPLICATE_METHOD_MATCH = YES;
				COPY_PHASE_STRIP = NO;
				DEBUG_INFORMATION_FORMAT = "dwarf-with-dsym";
				ENABLE_NS_ASSERTIONS = NO;
				ENABLE_STRICT_OBJC_MSGSEND = YES;
				GCC_C_LANGUAGE_STANDARD = gnu11;
				GCC_NO_COMMON_BLOCKS = YES;
				GCC_WARN_64_TO_32_BIT_CONVERSION = YES;
				GCC_WARN_ABOUT_RETURN_TYPE = YES_ERROR;
				GCC_WARN_UNDECLARED_SELECTOR = YES;
				GCC_WARN_UNINITIALIZED_AUTOS = YES_AGGRESSIVE;
				GCC_WARN_UNUSED_FUNCTION = YES;
				GCC_WARN_UNUSED_VARIABLE = YES;
				IPHONEOS_DEPLOYMENT_TARGET = 13.5;
				MTL_ENABLE_DEBUG_INFO = NO;
				MTL_FAST_MATH = YES;
				SDKROOT = iphoneos;
				SWIFT_COMPILATION_MODE = wholemodule;
				SWIFT_OPTIMIZATION_LEVEL = "-O";
				VALIDATE_PRODUCT = YES;
			};
			name = Release;
		};
		02FFB58A248F173C0027BCEA /* Debug */ = {
			isa = XCBuildConfiguration;
			buildSettings = {
				ASSETCATALOG_COMPILER_APPICON_NAME = AppIcon;
				CODE_SIGN_STYLE = Automatic;
				DEVELOPMENT_TEAM = 34MBTHVL5T;
				INFOPLIST_FILE = GestureFlash/Info.plist;
				IPHONEOS_DEPLOYMENT_TARGET = 13.4;
				LD_RUNPATH_SEARCH_PATHS = (
					"$(inherited)",
					"@executable_path/Frameworks",
				);
				PRODUCT_BUNDLE_IDENTIFIER = "jp.co.al-j.ayethu";
				PRODUCT_NAME = "$(TARGET_NAME)";
				SWIFT_VERSION = 5.0;
				TARGETED_DEVICE_FAMILY = "1,2";
			};
			name = Debug;
		};
		02FFB58B248F173C0027BCEA /* Release */ = {
			isa = XCBuildConfiguration;
			buildSettings = {
				ASSETCATALOG_COMPILER_APPICON_NAME = AppIcon;
				CODE_SIGN_STYLE = Automatic;
				DEVELOPMENT_TEAM = 34MBTHVL5T;
				INFOPLIST_FILE = GestureFlash/Info.plist;
				IPHONEOS_DEPLOYMENT_TARGET = 13.4;
				LD_RUNPATH_SEARCH_PATHS = (
					"$(inherited)",
					"@executable_path/Frameworks",
				);
				PRODUCT_BUNDLE_IDENTIFIER = "jp.co.al-j.ayethu";
				PRODUCT_NAME = "$(TARGET_NAME)";
				SWIFT_VERSION = 5.0;
				TARGETED_DEVICE_FAMILY = "1,2";
			};
			name = Release;
		};
/* End XCBuildConfiguration section */

/* Begin XCConfigurationList section */
		02FFB570248F173B0027BCEA /* Build configuration list for PBXProject "GestureFlash" */ = {
			isa = XCConfigurationList;
			buildConfigurations = (
				02FFB587248F173C0027BCEA /* Debug */,
				02FFB588248F173C0027BCEA /* Release */,
			);
			defaultConfigurationIsVisible = 0;
			defaultConfigurationName = Release;
		};
		02FFB589248F173C0027BCEA /* Build configuration list for PBXNativeTarget "GestureFlash" */ = {
			isa = XCConfigurationList;
			buildConfigurations = (
				02FFB58A248F173C0027BCEA /* Debug */,
				02FFB58B248F173C0027BCEA /* Release */,
			);
			defaultConfigurationIsVisible = 0;
			defaultConfigurationName = Release;
		};
/* End XCConfigurationList section */
	};
	rootObject = 02FFB56D248F173B0027BCEA /* Project object */;
}
