// !$*UTF8*$!
{
	archiveVersion = 1;
	classes = {
	};
	objectVersion = 50;
	objects = {

/* Begin PBXBuildFile section */
		02A53470248A2DB80041887D /* AppDelegate.swift in Sources */ = {isa = PBXBuildFile; fileRef = 02A5346F248A2DB80041887D /* AppDelegate.swift */; };
		02A53472248A2DB80041887D /* SceneDelegate.swift in Sources */ = {isa = PBXBuildFile; fileRef = 02A53471248A2DB80041887D /* SceneDelegate.swift */; };
		02A53474248A2DB80041887D /* ViewController.swift in Sources */ = {isa = PBXBuildFile; fileRef = 02A53473248A2DB80041887D /* ViewController.swift */; };
		02A53477248A2DB80041887D /* Main.storyboard in Resources */ = {isa = PBXBuildFile; fileRef = 02A53475248A2DB80041887D /* Main.storyboard */; };
		02A53479248A2DB90041887D /* Assets.xcassets in Resources */ = {isa = PBXBuildFile; fileRef = 02A53478248A2DB90041887D /* Assets.xcassets */; };
		02A5347C248A2DB90041887D /* LaunchScreen.storyboard in Resources */ = {isa = PBXBuildFile; fileRef = 02A5347A248A2DB90041887D /* LaunchScreen.storyboard */; };
		02A53484248A318D0041887D /* Clap.swift in Sources */ = {isa = PBXBuildFile; fileRef = 02A53483248A318D0041887D /* Clap.swift */; };
		02A53487248A32DB0041887D /* AudioToolbox.framework in Frameworks */ = {isa = PBXBuildFile; fileRef = 02A53486248A32DB0041887D /* AudioToolbox.framework */; };
		02A53489248A331E0041887D /* clap.wav in Resources */ = {isa = PBXBuildFile; fileRef = 02A53488248A331E0041887D /* clap.wav */; };
/* End PBXBuildFile section */

/* Begin PBXFileReference section */
		02A5346C248A2DB80041887D /* ClapBeat.app */ = {isa = PBXFileReference; explicitFileType = wrapper.application; includeInIndex = 0; path = ClapBeat.app; sourceTree = BUILT_PRODUCTS_DIR; };
		02A5346F248A2DB80041887D /* AppDelegate.swift */ = {isa = PBXFileReference; lastKnownFileType = sourcecode.swift; path = AppDelegate.swift; sourceTree = "<group>"; };
		02A53471248A2DB80041887D /* SceneDelegate.swift */ = {isa = PBXFileReference; lastKnownFileType = sourcecode.swift; path = SceneDelegate.swift; sourceTree = "<group>"; };
		02A53473248A2DB80041887D /* ViewController.swift */ = {isa = PBXFileReference; lastKnownFileType = sourcecode.swift; path = ViewController.swift; sourceTree = "<group>"; };
		02A53476248A2DB80041887D /* Base */ = {isa = PBXFileReference; lastKnownFileType = file.storyboard; name = Base; path = Base.lproj/Main.storyboard; sourceTree = "<group>"; };
		02A53478248A2DB90041887D /* Assets.xcassets */ = {isa = PBXFileReference; lastKnownFileType = folder.assetcatalog; path = Assets.xcassets; sourceTree = "<group>"; };
		02A5347B248A2DB90041887D /* Base */ = {isa = PBXFileReference; lastKnownFileType = file.storyboard; name = Base; path = Base.lproj/LaunchScreen.storyboard; sourceTree = "<group>"; };
		02A5347D248A2DB90041887D /* Info.plist */ = {isa = PBXFileReference; lastKnownFileType = text.plist.xml; path = Info.plist; sourceTree = "<group>"; };
		02A53483248A318D0041887D /* Clap.swift */ = {isa = PBXFileReference; lastKnownFileType = sourcecode.swift; path = Clap.swift; sourceTree = "<group>"; };
		02A53486248A32DB0041887D /* AudioToolbox.framework */ = {isa = PBXFileReference; lastKnownFileType = wrapper.framework; name = AudioToolbox.framework; path = System/Library/Frameworks/AudioToolbox.framework; sourceTree = SDKROOT; };
		02A53488248A331E0041887D /* clap.wav */ = {isa = PBXFileReference; lastKnownFileType = audio.wav; path = clap.wav; sourceTree = "<group>"; };
/* End PBXFileReference section */

/* Begin PBXFrameworksBuildPhase section */
		02A53469248A2DB80041887D /* Frameworks */ = {
			isa = PBXFrameworksBuildPhase;
			buildActionMask = 2147483647;
			files = (
				02A53487248A32DB0041887D /* AudioToolbox.framework in Frameworks */,
			);
			runOnlyForDeploymentPostprocessing = 0;
		};
/* End PBXFrameworksBuildPhase section */

/* Begin PBXGroup section */
		02A53463248A2DB80041887D = {
			isa = PBXGroup;
			children = (
				02A5346E248A2DB80041887D /* ClapBeat */,
				02A5346D248A2DB80041887D /* Products */,
				02A53485248A32DB0041887D /* Frameworks */,
			);
			sourceTree = "<group>";
		};
		02A5346D248A2DB80041887D /* Products */ = {
			isa = PBXGroup;
			children = (
				02A5346C248A2DB80041887D /* ClapBeat.app */,
			);
			name = Products;
			sourceTree = "<group>";
		};
		02A5346E248A2DB80041887D /* ClapBeat */ = {
			isa = PBXGroup;
			children = (
				02A5346F248A2DB80041887D /* AppDelegate.swift */,
				02A53471248A2DB80041887D /* SceneDelegate.swift */,
				02A53473248A2DB80041887D /* ViewController.swift */,
				02A53475248A2DB80041887D /* Main.storyboard */,
				02A53483248A318D0041887D /* Clap.swift */,
				02A53478248A2DB90041887D /* Assets.xcassets */,
				02A5347A248A2DB90041887D /* LaunchScreen.storyboard */,
				02A5347D248A2DB90041887D /* Info.plist */,
				02A53488248A331E0041887D /* clap.wav */,
			);
			path = ClapBeat;
			sourceTree = "<group>";
		};
		02A53485248A32DB0041887D /* Frameworks */ = {
			isa = PBXGroup;
			children = (
				02A53486248A32DB0041887D /* AudioToolbox.framework */,
			);
			name = Frameworks;
			sourceTree = "<group>";
		};
/* End PBXGroup section */

/* Begin PBXNativeTarget section */
		02A5346B248A2DB80041887D /* ClapBeat */ = {
			isa = PBXNativeTarget;
			buildConfigurationList = 02A53480248A2DB90041887D /* Build configuration list for PBXNativeTarget "ClapBeat" */;
			buildPhases = (
				02A53468248A2DB80041887D /* Sources */,
				02A53469248A2DB80041887D /* Frameworks */,
				02A5346A248A2DB80041887D /* Resources */,
			);
			buildRules = (
			);
			dependencies = (
			);
			name = ClapBeat;
			productName = ClapBeat;
			productReference = 02A5346C248A2DB80041887D /* ClapBeat.app */;
			productType = "com.apple.product-type.application";
		};
/* End PBXNativeTarget section */

/* Begin PBXProject section */
		02A53464248A2DB80041887D /* Project object */ = {
			isa = PBXProject;
			attributes = {
				LastSwiftUpdateCheck = 1150;
				LastUpgradeCheck = 1150;
				ORGANIZATIONNAME = ALJ;
				TargetAttributes = {
					02A5346B248A2DB80041887D = {
						CreatedOnToolsVersion = 11.5;
					};
				};
			};
			buildConfigurationList = 02A53467248A2DB80041887D /* Build configuration list for PBXProject "ClapBeat" */;
			compatibilityVersion = "Xcode 9.3";
			developmentRegion = en;
			hasScannedForEncodings = 0;
			knownRegions = (
				en,
				Base,
			);
			mainGroup = 02A53463248A2DB80041887D;
			productRefGroup = 02A5346D248A2DB80041887D /* Products */;
			projectDirPath = "";
			projectRoot = "";
			targets = (
				02A5346B248A2DB80041887D /* ClapBeat */,
			);
		};
/* End PBXProject section */

/* Begin PBXResourcesBuildPhase section */
		02A5346A248A2DB80041887D /* Resources */ = {
			isa = PBXResourcesBuildPhase;
			buildActionMask = 2147483647;
			files = (
				02A53489248A331E0041887D /* clap.wav in Resources */,
				02A5347C248A2DB90041887D /* LaunchScreen.storyboard in Resources */,
				02A53479248A2DB90041887D /* Assets.xcassets in Resources */,
				02A53477248A2DB80041887D /* Main.storyboard in Resources */,
			);
			runOnlyForDeploymentPostprocessing = 0;
		};
/* End PBXResourcesBuildPhase section */

/* Begin PBXSourcesBuildPhase section */
		02A53468248A2DB80041887D /* Sources */ = {
			isa = PBXSourcesBuildPhase;
			buildActionMask = 2147483647;
			files = (
				02A53474248A2DB80041887D /* ViewController.swift in Sources */,
				02A53484248A318D0041887D /* Clap.swift in Sources */,
				02A53470248A2DB80041887D /* AppDelegate.swift in Sources */,
				02A53472248A2DB80041887D /* SceneDelegate.swift in Sources */,
			);
			runOnlyForDeploymentPostprocessing = 0;
		};
/* End PBXSourcesBuildPhase section */

/* Begin PBXVariantGroup section */
		02A53475248A2DB80041887D /* Main.storyboard */ = {
			isa = PBXVariantGroup;
			children = (
				02A53476248A2DB80041887D /* Base */,
			);
			name = Main.storyboard;
			sourceTree = "<group>";
		};
		02A5347A248A2DB90041887D /* LaunchScreen.storyboard */ = {
			isa = PBXVariantGroup;
			children = (
				02A5347B248A2DB90041887D /* Base */,
			);
			name = LaunchScreen.storyboard;
			sourceTree = "<group>";
		};
/* End PBXVariantGroup section */

/* Begin XCBuildConfiguration section */
		02A5347E248A2DB90041887D /* Debug */ = {
			isa = XCBuildConfiguration;
			buildSettings = {
				ALWAYS_SEARCH_USER_PATHS = NO;
				CLANG_ANALYZER_NONNULL = YES;
				CLANG_ANALYZER_NUMBER_OBJECT_CONVERSION = YES_AGGRESSIVE;
				CLANG_CXX_LANGUAGE_STANDARD = "gnu++14";
				CLANG_CXX_LIBRARY = "libc++";
				CLANG_ENABLE_MODULES = YES;
				CLANG_ENABLE_OBJC_ARC = YES;
				CLANG_ENABLE_OBJC_WEAK = YES;
				CLANG_WARN_BLOCK_CAPTURE_AUTORELEASING = YES;
				CLANG_WARN_BOOL_CONVERSION = YES;
				CLANG_WARN_COMMA = YES;
				CLANG_WARN_CONSTANT_CONVERSION = YES;
				CLANG_WARN_DEPRECATED_OBJC_IMPLEMENTATIONS = YES;
				CLANG_WARN_DIRECT_OBJC_ISA_USAGE = YES_ERROR;
				CLANG_WARN_DOCUMENTATION_COMMENTS = YES;
				CLANG_WARN_EMPTY_BODY = YES;
				CLANG_WARN_ENUM_CONVERSION = YES;
				CLANG_WARN_INFINITE_RECURSION = YES;
				CLANG_WARN_INT_CONVERSION = YES;
				CLANG_WARN_NON_LITERAL_NULL_CONVERSION = YES;
				CLANG_WARN_OBJC_IMPLICIT_RETAIN_SELF = YES;
				CLANG_WARN_OBJC_LITERAL_CONVERSION = YES;
				CLANG_WARN_OBJC_ROOT_CLASS = YES_ERROR;
				CLANG_WARN_RANGE_LOOP_ANALYSIS = YES;
				CLANG_WARN_STRICT_PROTOTYPES = YES;
				CLANG_WARN_SUSPICIOUS_MOVE = YES;
				CLANG_WARN_UNGUARDED_AVAILABILITY = YES_AGGRESSIVE;
				CLANG_WARN_UNREACHABLE_CODE = YES;
				CLANG_WARN__DUPLICATE_METHOD_MATCH = YES;
				COPY_PHASE_STRIP = NO;
				DEBUG_INFORMATION_FORMAT = dwarf;
				ENABLE_STRICT_OBJC_MSGSEND = YES;
				ENABLE_TESTABILITY = YES;
				GCC_C_LANGUAGE_STANDARD = gnu11;
				GCC_DYNAMIC_NO_PIC = NO;
				GCC_NO_COMMON_BLOCKS = YES;
				GCC_OPTIMIZATION_LEVEL = 0;
				GCC_PREPROCESSOR_DEFINITIONS = (
					"DEBUG=1",
					"$(inherited)",
				);
				GCC_WARN_64_TO_32_BIT_CONVERSION = YES;
				GCC_WARN_ABOUT_RETURN_TYPE = YES_ERROR;
				GCC_WARN_UNDECLARED_SELECTOR = YES;
				GCC_WARN_UNINITIALIZED_AUTOS = YES_AGGRESSIVE;
				GCC_WARN_UNUSED_FUNCTION = YES;
				GCC_WARN_UNUSED_VARIABLE = YES;
				IPHONEOS_DEPLOYMENT_TARGET = 13.5;
				MTL_ENABLE_DEBUG_INFO = INCLUDE_SOURCE;
				MTL_FAST_MATH = YES;
				ONLY_ACTIVE_ARCH = YES;
				SDKROOT = iphoneos;
				SWIFT_ACTIVE_COMPILATION_CONDITIONS = DEBUG;
				SWIFT_OPTIMIZATION_LEVEL = "-Onone";
			};
			name = Debug;
		};
		02A5347F248A2DB90041887D /* Release */ = {
			isa = XCBuildConfiguration;
			buildSettings = {
				ALWAYS_SEARCH_USER_PATHS = NO;
				CLANG_ANALYZER_NONNULL = YES;
				CLANG_ANALYZER_NUMBER_OBJECT_CONVERSION = YES_AGGRESSIVE;
				CLANG_CXX_LANGUAGE_STANDARD = "gnu++14";
				CLANG_CXX_LIBRARY = "libc++";
				CLANG_ENABLE_MODULES = YES;
				CLANG_ENABLE_OBJC_ARC = YES;
				CLANG_ENABLE_OBJC_WEAK = YES;
				CLANG_WARN_BLOCK_CAPTURE_AUTORELEASING = YES;
				CLANG_WARN_BOOL_CONVERSION = YES;
				CLANG_WARN_COMMA = YES;
				CLANG_WARN_CONSTANT_CONVERSION = YES;
				CLANG_WARN_DEPRECATED_OBJC_IMPLEMENTATIONS = YES;
				CLANG_WARN_DIRECT_OBJC_ISA_USAGE = YES_ERROR;
				CLANG_WARN_DOCUMENTATION_COMMENTS = YES;
				CLANG_WARN_EMPTY_BODY = YES;
				CLANG_WARN_ENUM_CONVERSION = YES;
				CLANG_WARN_INFINITE_RECURSION = YES;
				CLANG_WARN_INT_CONVERSION = YES;
				CLANG_WARN_NON_LITERAL_NULL_CONVERSION = YES;
				CLANG_WARN_OBJC_IMPLICIT_RETAIN_SELF = YES;
				CLANG_WARN_OBJC_LITERAL_CONVERSION = YES;
				CLANG_WARN_OBJC_ROOT_CLASS = YES_ERROR;
				CLANG_WARN_RANGE_LOOP_ANALYSIS = YES;
				CLANG_WARN_STRICT_PROTOTYPES = YES;
				CLANG_WARN_SUSPICIOUS_MOVE = YES;
				CLANG_WARN_UNGUARDED_AVAILABILITY = YES_AGGRESSIVE;
				CLANG_WARN_UNREACHABLE_CODE = YES;
				CLANG_WARN__DUPLICATE_METHOD_MATCH = YES;
				COPY_PHASE_STRIP = NO;
				DEBUG_INFORMATION_FORMAT = "dwarf-with-dsym";
				ENABLE_NS_ASSERTIONS = NO;
				ENABLE_STRICT_OBJC_MSGSEND = YES;
				GCC_C_LANGUAGE_STANDARD = gnu11;
				GCC_NO_COMMON_BLOCKS = YES;
				GCC_WARN_64_TO_32_BIT_CONVERSION = YES;
				GCC_WARN_ABOUT_RETURN_TYPE = YES_ERROR;
				GCC_WARN_UNDECLARED_SELECTOR = YES;
				GCC_WARN_UNINITIALIZED_AUTOS = YES_AGGRESSIVE;
				GCC_WARN_UNUSED_FUNCTION = YES;
				GCC_WARN_UNUSED_VARIABLE = YES;
				IPHONEOS_DEPLOYMENT_TARGET = 13.5;
				MTL_ENABLE_DEBUG_INFO = NO;
				MTL_FAST_MATH = YES;
				SDKROOT = iphoneos;
				SWIFT_COMPILATION_MODE = wholemodule;
				SWIFT_OPTIMIZATION_LEVEL = "-O";
				VALIDATE_PRODUCT = YES;
			};
			name = Release;
		};
		02A53481248A2DB90041887D /* Debug */ = {
			isa = XCBuildConfiguration;
			buildSettings = {
				ASSETCATALOG_COMPILER_APPICON_NAME = AppIcon;
				CODE_SIGN_STYLE = Automatic;
				INFOPLIST_FILE = ClapBeat/Info.plist;
				LD_RUNPATH_SEARCH_PATHS = (
					"$(inherited)",
					"@executable_path/Frameworks",
				);
				PRODUCT_BUNDLE_IDENTIFIER = "jp.co.al-j.ClapBeat";
				PRODUCT_NAME = "$(TARGET_NAME)";
				SWIFT_VERSION = 5.0;
				TARGETED_DEVICE_FAMILY = 1;
			};
			name = Debug;
		};
		02A53482248A2DB90041887D /* Release */ = {
			isa = XCBuildConfiguration;
			buildSettings = {
				ASSETCATALOG_COMPILER_APPICON_NAME = AppIcon;
				CODE_SIGN_STYLE = Automatic;
				INFOPLIST_FILE = ClapBeat/Info.plist;
				LD_RUNPATH_SEARCH_PATHS = (
					"$(inherited)",
					"@executable_path/Frameworks",
				);
				PRODUCT_BUNDLE_IDENTIFIER = "jp.co.al-j.ClapBeat";
				PRODUCT_NAME = "$(TARGET_NAME)";
				SWIFT_VERSION = 5.0;
				TARGETED_DEVICE_FAMILY = 1;
			};
			name = Release;
		};
/* End XCBuildConfiguration section */

/* Begin XCConfigurationList section */
		02A53467248A2DB80041887D /* Build configuration list for PBXProject "ClapBeat" */ = {
			isa = XCConfigurationList;
			buildConfigurations = (
				02A5347E248A2DB90041887D /* Debug */,
				02A5347F248A2DB90041887D /* Release */,
			);
			defaultConfigurationIsVisible = 0;
			defaultConfigurationName = Release;
		};
		02A53480248A2DB90041887D /* Build configuration list for PBXNativeTarget "ClapBeat" */ = {
			isa = XCConfigurationList;
			buildConfigurations = (
				02A53481248A2DB90041887D /* Debug */,
				02A53482248A2DB90041887D /* Release */,
			);
			defaultConfigurationIsVisible = 0;
			defaultConfigurationName = Release;
		};
/* End XCConfigurationList section */
	};
	rootObject = 02A53464248A2DB80041887D /* Project object */;
}
