PODS:
  - GoogleMaps (3.9.0):
    - GoogleMaps/Maps (= 3.9.0)
  - GoogleMaps/Base (3.9.0)
  - GoogleMaps/Maps (3.9.0):
    - GoogleMaps/Base

DEPENDENCIES:
  - GoogleMaps

SPEC REPOS:
  trunk:
    - GoogleMaps

SPEC CHECKSUMS:
  GoogleMaps: 4b5346bddfe6911bb89155d43c903020170523ac

PODFILE CHECKSUM: a0290d351a0bbe3296f9d93c4c63646abcac96cf

COCOAPODS: 1.9.3
